PODS:
  - Alamofire (5.4.3)
  - HandyJSON (5.0.2)
  - Kingfisher (6.3.0)
  - LookinServer (1.0.3)
  - lottie-ios (3.2.3)
  - Moya (14.0.0):
    - Moya/Core (= 14.0.0)
  - Moya/Core (14.0.0):
    - Alamofire (~> 5.0)
  - R.swift (5.4.0):
    - R.swift.Library (~> 5.3.0)
  - R.swift.Library (5.3.0)

DEPENDENCIES:
  - HandyJSON
  - Kingfisher
  - LookinServer
  - lottie-ios
  - Moya
  - R.swift

SPEC REPOS:
  trunk:
    - Alamofire
    - HandyJSON
    - Kingfisher
    - LookinServer
    - lottie-ios
    - Moya
    - R.swift
    - R.swift.Library

SPEC CHECKSUMS:
  Alamofire: e447a2774a40c996748296fa2c55112fdbbc42f9
  HandyJSON: 9e4e236f5d2dbefad5155a77417bbea438201c03
  Kingfisher: 6c3df386db71d82c0817a429d2c9421a77396529
  LookinServer: 5e1d44b7e4a2a98793f1eaf319c583e1e946b830
  lottie-ios: c058aeafa76daa4cf64d773554bccc8385d0150e
  Moya: 5b45dacb75adb009f97fde91c204c1e565d31916
  R.swift: c533450b0f7dc494e0993f5f1a1db925d84c3006
  R.swift.Library: 0fc583cb55a99e28901299cc451614cad1161962

PODFILE CHECKSUM: 7ab3efebd9577e52a85618ac1984b57e55f3e85d

COCOAPODS: 1.10.1
